# THIS IS AN AUTOGENERATED FILE. DO NOT EDIT THIS FILE DIRECTLY.
# yarn lockfile v1


axios@^0.20.0:
  version "0.20.0"
  resolved "https://registry.yarnpkg.com/axios/-/axios-0.20.0.tgz#057ba30f04884694993a8cd07fa394cff11c50bd"
  integrity sha512-ANA4rr2BDcmmAQLOKft2fufrtuvlqR+cXNNinUmvfeSNCOF98PZL+7M/v1zIdGo7OLjEA9J2gXJL+j4zGsl0bA==
  dependencies:
    follow-redirects "^1.10.0"

follow-redirects@^1.10.0:
  version "1.15.6"
  resolved "https://registry.yarnpkg.com/follow-redirects/-/follow-redirects-1.15.6.tgz#7f815c0cda4249c74ff09e95ef97c23b5fd0399b"
  integrity sha512-wWN62YITEaOpSK584EZXJafH1AGpO8RVgElfkuXbTOrPX4fIfOyEpW/CsiNd8JdYrAoOvafRTOEnvsO++qCqFA==

kiloview-ndi@^1.0.1:
  version "1.0.1"
  resolved "https://registry.yarnpkg.com/kiloview-ndi/-/kiloview-ndi-1.0.1.tgz#c58312c5fa407aee400b613eb9c9c7b634ce1c66"
  integrity sha512-C1SrA8vGn+JjGIs+69eJgnDpWbIJcClSMQrqN0jGjbXSLjFkb88c/GpZL98yk1or6MRmyfsxo7rLsGAqkazA4g==
  dependencies:
    axios "^0.20.0"
